
Microsoft Visual Studio Solution File, Format Version 12.00
# Visual Studio Version 17
VisualStudioVersion = 17.8.34525.116
MinimumVisualStudioVersion = 10.0.40219.1
Project("{9A19103F-16F7-4668-BE54-9A1E7A4F7556}") = "Task3", "Task3\Task3.csproj", "{6EBC91A8-DE29-49E5-8085-A313B07FABE8}"
EndProject
Project("{2150E333-8FDC-42A3-9474-1A3956D46DE8}") = "Task3_1", "Task3_1", "{92786759-BBEA-4C59-8A81-DA0525A3904C}"
EndProject
Project("{2150E333-8FDC-42A3-9474-1A3956D46DE8}") = "Task3_2", "Task3_2", "{17B7D979-2358-4DFC-9E6E-C77689F12F29}"
EndProject
Project("{9A19103F-16F7-4668-BE54-9A1E7A4F7556}") = "Task3_2", "Task3_2\Task3_2.csproj", "{B3DB75FF-10A0-4C7D-B0B6-1F792D73177E}"
EndProject
Project("{2150E333-8FDC-42A3-9474-1A3956D46DE8}") = "Task3_3", "Task3_3", "{7FC86FE0-47A0-4163-AA47-F717DCF68647}"
EndProject
Project("{9A19103F-16F7-4668-BE54-9A1E7A4F7556}") = "Task3_3", "Task3_3\Task3_3.csproj", "{785936F5-5B58-4E65-BDF0-D8F64179FE51}"
EndProject
Project("{2150E333-8FDC-42A3-9474-1A3956D46DE8}") = "Task3_4", "Task3_4", "{69E40E9C-4A61-4537-BF28-632DCCB70120}"
EndProject
Project("{FAE04EC0-301F-11D3-BF4B-00C04F79EFBC}") = "MinValue", "MinValue\MinValue.csproj", "{5533DF4B-D17A-49E0-ABF1-548C96F5EAC5}"
EndProject
Project("{2150E333-8FDC-42A3-9474-1A3956D46DE8}") = "Task3_5", "Task3_5", "{92954D60-3C1E-4FF4-8CE8-7834FD0AAD18}"
EndProject
Project("{FAE04EC0-301F-11D3-BF4B-00C04F79EFBC}") = "GuessNumber", "GuessNumber\GuessNumber.csproj", "{EDFFDCA2-CDA0-43C1-8F70-5BE685EA2C04}"
EndProject
Global
	GlobalSection(SolutionConfigurationPlatforms) = preSolution
		Debug|Any CPU = Debug|Any CPU
		Release|Any CPU = Release|Any CPU
	EndGlobalSection
	GlobalSection(ProjectConfigurationPlatforms) = postSolution
		{6EBC91A8-DE29-49E5-8085-A313B07FABE8}.Debug|Any CPU.ActiveCfg = Debug|Any CPU
		{6EBC91A8-DE29-49E5-8085-A313B07FABE8}.Debug|Any CPU.Build.0 = Debug|Any CPU
		{6EBC91A8-DE29-49E5-8085-A313B07FABE8}.Release|Any CPU.ActiveCfg = Release|Any CPU
		{6EBC91A8-DE29-49E5-8085-A313B07FABE8}.Release|Any CPU.Build.0 = Release|Any CPU
		{B3DB75FF-10A0-4C7D-B0B6-1F792D73177E}.Debug|Any CPU.ActiveCfg = Debug|Any CPU
		{B3DB75FF-10A0-4C7D-B0B6-1F792D73177E}.Debug|Any CPU.Build.0 = Debug|Any CPU
		{B3DB75FF-10A0-4C7D-B0B6-1F792D73177E}.Release|Any CPU.ActiveCfg = Release|Any CPU
		{B3DB75FF-10A0-4C7D-B0B6-1F792D73177E}.Release|Any CPU.Build.0 = Release|Any CPU
		{785936F5-5B58-4E65-BDF0-D8F64179FE51}.Debug|Any CPU.ActiveCfg = Debug|Any CPU
		{785936F5-5B58-4E65-BDF0-D8F64179FE51}.Debug|Any CPU.Build.0 = Debug|Any CPU
		{785936F5-5B58-4E65-BDF0-D8F64179FE51}.Release|Any CPU.ActiveCfg = Release|Any CPU
		{785936F5-5B58-4E65-BDF0-D8F64179FE51}.Release|Any CPU.Build.0 = Release|Any CPU
		{5533DF4B-D17A-49E0-ABF1-548C96F5EAC5}.Debug|Any CPU.ActiveCfg = Debug|Any CPU
		{5533DF4B-D17A-49E0-ABF1-548C96F5EAC5}.Debug|Any CPU.Build.0 = Debug|Any CPU
		{5533DF4B-D17A-49E0-ABF1-548C96F5EAC5}.Release|Any CPU.ActiveCfg = Release|Any CPU
		{5533DF4B-D17A-49E0-ABF1-548C96F5EAC5}.Release|Any CPU.Build.0 = Release|Any CPU
		{EDFFDCA2-CDA0-43C1-8F70-5BE685EA2C04}.Debug|Any CPU.ActiveCfg = Debug|Any CPU
		{EDFFDCA2-CDA0-43C1-8F70-5BE685EA2C04}.Debug|Any CPU.Build.0 = Debug|Any CPU
		{EDFFDCA2-CDA0-43C1-8F70-5BE685EA2C04}.Release|Any CPU.ActiveCfg = Release|Any CPU
		{EDFFDCA2-CDA0-43C1-8F70-5BE685EA2C04}.Release|Any CPU.Build.0 = Release|Any CPU
	EndGlobalSection
	GlobalSection(SolutionProperties) = preSolution
		HideSolutionNode = FALSE
	EndGlobalSection
	GlobalSection(NestedProjects) = preSolution
		{6EBC91A8-DE29-49E5-8085-A313B07FABE8} = {92786759-BBEA-4C59-8A81-DA0525A3904C}
		{B3DB75FF-10A0-4C7D-B0B6-1F792D73177E} = {17B7D979-2358-4DFC-9E6E-C77689F12F29}
		{785936F5-5B58-4E65-BDF0-D8F64179FE51} = {7FC86FE0-47A0-4163-AA47-F717DCF68647}
		{5533DF4B-D17A-49E0-ABF1-548C96F5EAC5} = {69E40E9C-4A61-4537-BF28-632DCCB70120}
		{EDFFDCA2-CDA0-43C1-8F70-5BE685EA2C04} = {92954D60-3C1E-4FF4-8CE8-7834FD0AAD18}
	EndGlobalSection
	GlobalSection(ExtensibilityGlobals) = postSolution
		SolutionGuid = {6383C280-B9C8-4F81-BD7B-8C650181B285}
	EndGlobalSection
EndGlobal
